%{
  "bakeware": {:git, "https://github.com/bake-bake-bake/bakeware", "67d2139fcbb74ebe7604a2cc0471c54ac2e8ac7a", [branch: "main"]},
  "blake3": {:git, "https://github.com/vans163/blake3", "396c613f7100700123805df654f63fdd7e908e15", [branch: "finalize_xof"]},
  "bls_ex": {:git, "https://github.com/amadeus-robot/bls_ex", "6651824947c3dc9b131e2f79341732fa5c052cf1", []},
  "bunt": {:hex, :bunt, "1.0.0", "081c2c665f086849e6d57900292b3a161727ab40431219529f13c4ddcf3e7a44", [:mix], [], "hexpm", "dc5f86aa08a5f6fa6b8096f0735c4e76d54ae5c9fa2c143e5a1fc7c1cd9bb6b5"},
  "comsat": {:git, "https://github.com/vans163/ComSat.git", "7178d64dfda9d4669ba9f1e475dbcf6ee93e0ef5", []},
  "credo": {:hex, :credo, "1.7.12", "9e3c20463de4b5f3f23721527fcaf16722ec815e70ff6c60b86412c695d426c1", [:mix], [{:bunt, "~> 0.2.1 or ~> 1.0", [hex: :bunt, repo: "hexpm", optional: false]}, {:file_system, "~> 0.2 or ~> 1.0", [hex: :file_system, repo: "hexpm", optional: false]}, {:jason, "~> 1.0", [hex: :jason, repo: "hexpm", optional: false]}], "hexpm", "8493d45c656c5427d9c729235b99d498bd133421f3e0a683e5c1b561471291e5"},
  "dialyxir": {:hex, :dialyxir, "1.4.6", "7cca478334bf8307e968664343cbdb432ee95b4b68a9cba95bdabb0ad5bdfd9a", [:mix], [{:erlex, ">= 0.2.7", [hex: :erlex, repo: "hexpm", optional: false]}], "hexpm", "8cf5615c5cd4c2da6c501faae642839c8405b49f8aa057ad4ae401cb808ef64d"},
  "elixir_make": {:hex, :elixir_make, "0.9.0", "6484b3cd8c0cee58f09f05ecaf1a140a8c97670671a6a0e7ab4dc326c3109726", [:mix], [], "hexpm", "db23d4fd8b757462ad02f8aa73431a426fe6671c80b200d9710caf3d1dd0ffdb"},
  "erlex": {:hex, :erlex, "0.2.7", "810e8725f96ab74d17aac676e748627a07bc87eb950d2b83acd29dc047a30595", [:mix], [], "hexpm", "3ed95f79d1a844c3f6bf0cea61e0d5612a42ce56da9c03f01df538685365efb0"},
  "ex_stun": {:git, "https://github.com/elixir-webrtc/ex_stun.git", "caf8851c0fcd0962e9009a9e28172172732e447c", []},
  "exjsx": {:hex, :exjsx, "4.0.0", "60548841e0212df401e38e63c0078ec57b33e7ea49b032c796ccad8cde794b5c", [:mix], [{:jsx, "~> 2.8.0", [hex: :jsx, repo: "hexpm", optional: false]}], "hexpm", "32e95820a97cffea67830e91514a2ad53b888850442d6d395f53a1ac60c82e07"},
  "file_system": {:hex, :file_system, "1.1.0", "08d232062284546c6c34426997dd7ef6ec9f8bbd090eb91780283c9016840e8f", [:mix], [], "hexpm", "bfcf81244f416871f2a2e15c1b515287faa5db9c6bcf290222206d120b3d43f6"},
  "jason": {:hex, :jason, "1.4.4", "b9226785a9aa77b6857ca22832cffa5d5011a667207eb2a0ad56adb5db443b8a", [:mix], [{:decimal, "~> 1.0 or ~> 2.0", [hex: :decimal, repo: "hexpm", optional: true]}], "hexpm", "c5eb0cab91f094599f94d55bc63409236a8ec69a21a67814529e8d5f6cc90b3b"},
  "jsx": {:hex, :jsx, "2.8.3", "a05252d381885240744d955fbe3cf810504eb2567164824e19303ea59eef62cf", [:mix, :rebar3], [], "hexpm", "fc3499fed7a726995aa659143a248534adc754ebd16ccd437cd93b649a95091f"},
  "mnesia_kv": {:git, "https://github.com/xenomorphtech/mnesia_kv.git", "890109669975807b72506adceea7f20682bc6a67", []},
  "parse_trans": {:git, "https://github.com/uwiger/parse_trans", "d99fb36755c813a5db23e6f93741aa58323ef911", []},
  "photon": {:git, "https://github.com/vans163/photon.git", "4e39655e421bac2c94087527cad976f4b6a2d147", []},
  "reedsolomon_ex": {:git, "https://github.com/amadeus-robot/reedsolomon_ex", "e11ddb33a50a4a3ccb1419a438fcc00b3c7ba8d4", []},
  "rocksdb": {:git, "https://gitlab.com/vans/erlang-rocksdb.git", "18add8e992a374771e6f1e97b1f50db6bf31a16f", [branch: "fix-gcc13"]},
  "rustler": {:hex, :rustler, "0.36.2", "6c2142f912166dfd364017ab2bf61242d4a5a3c88e7b872744642ae004b82501", [:mix], [{:jason, "~> 1.0", [hex: :jason, repo: "hexpm", optional: false]}, {:toml, "~> 0.7", [hex: :toml, repo: "hexpm", optional: false]}], "hexpm", "93832a6dbc1166739a19cd0c25e110e4cf891f16795deb9361dfcae95f6c88fe"},
  "ssl_verify_fun": {:hex, :ssl_verify_fun, "1.1.7", "354c321cf377240c7b8716899e182ce4890c5938111a1296add3ec74cf1715df", [:make, :mix, :rebar3], [], "hexpm", "fe4c190e8f37401d30167c8c405eda19469f34577987c76dde613e838bbc67f8"},
  "toml": {:hex, :toml, "0.7.0", "fbcd773caa937d0c7a02c301a1feea25612720ac3fa1ccb8bfd9d30d822911de", [:mix], [], "hexpm", "0690246a2478c1defd100b0c9b89b4ea280a22be9a7b313a8a058a2408a2fa70"},
  "wasmer_ex": {:git, "https://github.com/amadeus-robot/wasmer_ex", "b0b3e510ce618d15b3a6a92cf9f0a0f854a90695", []},
}
